
Microsoft Visual Studio Solution File, Format Version 12.00
# Visual Studio Version 16
VisualStudioVersion = 16.0.29509.3
MinimumVisualStudioVersion = 10.0.40219.1
Project("{8BC9CEB8-8B4A-11D0-8D11-00A0C91BC942}") = "Strategy", "Strategy\Strategy.vcxproj", "{DFF61E2E-975A-490E-A8BA-81B14323AF72}"
EndProject
Global
	GlobalSection(SolutionConfigurationPlatforms) = preSolution
		Debug|x64 = Debug|x64
		Debug|x86 = Debug|x86
		Release|x64 = Release|x64
		Release|x86 = Release|x86
	EndGlobalSection
	GlobalSection(ProjectConfigurationPlatforms) = postSolution
		{DFF61E2E-975A-490E-A8BA-81B14323AF72}.Debug|x64.ActiveCfg = Debug|x64
		{DFF61E2E-975A-490E-A8BA-81B14323AF72}.Debug|x64.Build.0 = Debug|x64
		{DFF61E2E-975A-490E-A8BA-81B14323AF72}.Debug|x86.ActiveCfg = Debug|Win32
		{DFF61E2E-975A-490E-A8BA-81B14323AF72}.Debug|x86.Build.0 = Debug|Win32
		{DFF61E2E-975A-490E-A8BA-81B14323AF72}.Release|x64.ActiveCfg = Release|x64
		{DFF61E2E-975A-490E-A8BA-81B14323AF72}.Release|x64.Build.0 = Release|x64
		{DFF61E2E-975A-490E-A8BA-81B14323AF72}.Release|x86.ActiveCfg = Release|Win32
		{DFF61E2E-975A-490E-A8BA-81B14323AF72}.Release|x86.Build.0 = Release|Win32
	EndGlobalSection
	GlobalSection(SolutionProperties) = preSolution
		HideSolutionNode = FALSE
	EndGlobalSection
	GlobalSection(ExtensibilityGlobals) = postSolution
		SolutionGuid = {EC343371-71B7-4E21-904D-181F6A9B6AAE}
	EndGlobalSection
EndGlobal
